<?xml version="1.0" encoding="utf-8"?>
<Project ToolsVersion="4.0" xmlns="http://schemas.microsoft.com/developer/msbuild/2003">
  <ItemGroup>
    <Filter Include="Source Files">
      <UniqueIdentifier>{4FC737F1-C7A5-4376-A066-2A32D752A2FF}</UniqueIdentifier>
      <Extensions>cpp;c;cc;cxx;def;odl;idl;hpj;bat;asm;asmx</Extensions>
    </Filter>
    <Filter Include="Header Files">
      <UniqueIdentifier>{93995380-89BD-4b04-88EB-625FBE52EBFB}</UniqueIdentifier>
      <Extensions>h;hh;hpp;hxx;hm;inl;inc;xsd</Extensions>
    </Filter>
    <Filter Include="Resource Files">
      <UniqueIdentifier>{67DA6AB6-F800-4c08-8B7A-83BB121AAD01}</UniqueIdentifier>
      <Extensions>rc;ico;cur;bmp;dlg;rc2;rct;bin;rgs;gif;jpg;jpeg;jpe;resx;tiff;tif;png;wav;mfcribbon-ms</Extensions>
    </Filter>
    <Filter Include="Header Files\Animals">
      <UniqueIdentifier>{441df3e9-4a78-4166-9386-af39c1867937}</UniqueIdentifier>
    </Filter>
    <Filter Include="Header Files\Types">
      <UniqueIdentifier>{09e30545-393f-459e-85d8-70397e67fc94}</UniqueIdentifier>
    </Filter>
    <Filter Include="Header Files\Animals\Bears">
      <UniqueIdentifier>{5a0f9edc-9c13-4ef4-b3b5-2d81b99d0534}</UniqueIdentifier>
    </Filter>
    <Filter Include="Header Files\Animals\Birds">
      <UniqueIdentifier>{bbb52de4-ad42-4914-92e2-8dbc313adc18}</UniqueIdentifier>
    </Filter>
    <Filter Include="Header Files\Animals\Cats">
      <UniqueIdentifier>{3b60129b-8e99-4aa0-a5a4-74d18d9f97bc}</UniqueIdentifier>
    </Filter>
  </ItemGroup>
  <ItemGroup>
    <ClCompile Include="Animal.cpp">
      <Filter>Source Files</Filter>
    </ClCompile>
    <ClCompile Include="Animals.cpp">
      <Filter>Source Files</Filter>
    </ClCompile>
    <ClCompile Include="Bases.cpp">
      <Filter>Source Files</Filter>
    </ClCompile>
    <ClCompile Include="Main.cpp">
      <Filter>Source Files</Filter>
    </ClCompile>
  </ItemGroup>
  <ItemGroup>
    <ClInclude Include="Animal.h">
      <Filter>Header Files</Filter>
    </ClInclude>
    <ClInclude Include="AnimalType.h">
      <Filter>Header Files\Types</Filter>
    </ClInclude>
    <ClInclude Include="BaseBear.h">
      <Filter>Header Files\Animals</Filter>
    </ClInclude>
    <ClInclude Include="BaseBird.h">
      <Filter>Header Files\Animals</Filter>
    </ClInclude>
    <ClInclude Include="BaseCat.h">
      <Filter>Header Files\Animals</Filter>
    </ClInclude>
    <ClInclude Include="BrownBear.h">
      <Filter>Header Files\Animals\Bears</Filter>
    </ClInclude>
    <ClInclude Include="WhiteBear.h">
      <Filter>Header Files\Animals\Bears</Filter>
    </ClInclude>
    <ClInclude Include="Color.h">
      <Filter>Header Files\Types</Filter>
    </ClInclude>
    <ClInclude Include="Duck.h">
      <Filter>Header Files\Animals\Birds</Filter>
    </ClInclude>
    <ClInclude Include="Eagle.h">
      <Filter>Header Files\Animals\Birds</Filter>
    </ClInclude>
    <ClInclude Include="Ligr.h">
      <Filter>Header Files\Animals\Cats</Filter>
    </ClInclude>
    <ClInclude Include="Lion.h">
      <Filter>Header Files\Animals\Cats</Filter>
    </ClInclude>
    <ClInclude Include="Tiger.h">
      <Filter>Header Files\Animals\Cats</Filter>
    </ClInclude>
  </ItemGroup>
</Project>