
Microsoft Visual Studio Solution File, Format Version 12.00
# Visual Studio 15
VisualStudioVersion = 15.0.26403.3
MinimumVisualStudioVersion = 10.0.40219.1
Project("{FAE04EC0-301F-11D3-BF4B-00C04F79EFBC}") = "Strings", "Tasks\Strings\Strings.csproj", "{4A087D19-5504-4D87-919B-95BA518936A6}"
EndProject
Project("{2150E333-8FDC-42A3-9474-1A3956D46DE8}") = "Tasks", "Tasks", "{D6870852-3C40-4985-9004-63DD0409E0AE}"
EndProject
Project("{2150E333-8FDC-42A3-9474-1A3956D46DE8}") = "Tests", "Tests", "{F2191709-EF09-4441-99DC-03D20B32A62D}"
EndProject
Project("{FAE04EC0-301F-11D3-BF4B-00C04F79EFBC}") = "Encrypt", "Tasks\Encrypt\Encrypt.csproj", "{A6CEF313-8A2D-4792-8622-13937A7DCDAF}"
EndProject
Project("{FAE04EC0-301F-11D3-BF4B-00C04F79EFBC}") = "Tests.Encrypt", "Tests\Tests.Encrypt\Tests.Encrypt.csproj", "{82FF1314-880F-4860-9CE5-CA99A7B1C54C}"
EndProject
Project("{FAE04EC0-301F-11D3-BF4B-00C04F79EFBC}") = "Persons", "Tasks\Persons\Persons.csproj", "{CF2D8BD8-3890-420E-9144-9C569D23E5E7}"
EndProject
Project("{FAE04EC0-301F-11D3-BF4B-00C04F79EFBC}") = "Tests.Persons", "Tests\Tests.Persons\Tests.Persons.csproj", "{9D5269E3-7AB1-4B8F-904A-C1EFDDDBA512}"
EndProject
Project("{FAE04EC0-301F-11D3-BF4B-00C04F79EFBC}") = "Fibonacci", "Tasks\Fibonacci\Fibonacci.csproj", "{39805515-D8F0-41B4-8AE3-993079D6D2B9}"
EndProject
Project("{FAE04EC0-301F-11D3-BF4B-00C04F79EFBC}") = "Experiments", "Experiments\Experiments.csproj", "{77078F8C-3CBF-4D0A-A1E6-4CB81A27F07E}"
EndProject
Project("{FAE04EC0-301F-11D3-BF4B-00C04F79EFBC}") = "Collections", "Tasks\Collections\Collections.csproj", "{6ABD9F9C-A9BE-4657-A1D1-C53DF7B92071}"
EndProject
Global
	GlobalSection(SolutionConfigurationPlatforms) = preSolution
		Debug|Any CPU = Debug|Any CPU
		Release|Any CPU = Release|Any CPU
	EndGlobalSection
	GlobalSection(ProjectConfigurationPlatforms) = postSolution
		{4A087D19-5504-4D87-919B-95BA518936A6}.Debug|Any CPU.ActiveCfg = Debug|Any CPU
		{4A087D19-5504-4D87-919B-95BA518936A6}.Debug|Any CPU.Build.0 = Debug|Any CPU
		{4A087D19-5504-4D87-919B-95BA518936A6}.Release|Any CPU.ActiveCfg = Release|Any CPU
		{4A087D19-5504-4D87-919B-95BA518936A6}.Release|Any CPU.Build.0 = Release|Any CPU
		{A6CEF313-8A2D-4792-8622-13937A7DCDAF}.Debug|Any CPU.ActiveCfg = Debug|Any CPU
		{A6CEF313-8A2D-4792-8622-13937A7DCDAF}.Debug|Any CPU.Build.0 = Debug|Any CPU
		{A6CEF313-8A2D-4792-8622-13937A7DCDAF}.Release|Any CPU.ActiveCfg = Release|Any CPU
		{A6CEF313-8A2D-4792-8622-13937A7DCDAF}.Release|Any CPU.Build.0 = Release|Any CPU
		{82FF1314-880F-4860-9CE5-CA99A7B1C54C}.Debug|Any CPU.ActiveCfg = Debug|Any CPU
		{82FF1314-880F-4860-9CE5-CA99A7B1C54C}.Debug|Any CPU.Build.0 = Debug|Any CPU
		{82FF1314-880F-4860-9CE5-CA99A7B1C54C}.Release|Any CPU.ActiveCfg = Release|Any CPU
		{82FF1314-880F-4860-9CE5-CA99A7B1C54C}.Release|Any CPU.Build.0 = Release|Any CPU
		{CF2D8BD8-3890-420E-9144-9C569D23E5E7}.Debug|Any CPU.ActiveCfg = Debug|Any CPU
		{CF2D8BD8-3890-420E-9144-9C569D23E5E7}.Debug|Any CPU.Build.0 = Debug|Any CPU
		{CF2D8BD8-3890-420E-9144-9C569D23E5E7}.Release|Any CPU.ActiveCfg = Release|Any CPU
		{CF2D8BD8-3890-420E-9144-9C569D23E5E7}.Release|Any CPU.Build.0 = Release|Any CPU
		{9D5269E3-7AB1-4B8F-904A-C1EFDDDBA512}.Debug|Any CPU.ActiveCfg = Debug|Any CPU
		{9D5269E3-7AB1-4B8F-904A-C1EFDDDBA512}.Debug|Any CPU.Build.0 = Debug|Any CPU
		{9D5269E3-7AB1-4B8F-904A-C1EFDDDBA512}.Release|Any CPU.ActiveCfg = Release|Any CPU
		{9D5269E3-7AB1-4B8F-904A-C1EFDDDBA512}.Release|Any CPU.Build.0 = Release|Any CPU
		{39805515-D8F0-41B4-8AE3-993079D6D2B9}.Debug|Any CPU.ActiveCfg = Debug|Any CPU
		{39805515-D8F0-41B4-8AE3-993079D6D2B9}.Debug|Any CPU.Build.0 = Debug|Any CPU
		{39805515-D8F0-41B4-8AE3-993079D6D2B9}.Release|Any CPU.ActiveCfg = Release|Any CPU
		{39805515-D8F0-41B4-8AE3-993079D6D2B9}.Release|Any CPU.Build.0 = Release|Any CPU
		{77078F8C-3CBF-4D0A-A1E6-4CB81A27F07E}.Debug|Any CPU.ActiveCfg = Debug|Any CPU
		{77078F8C-3CBF-4D0A-A1E6-4CB81A27F07E}.Debug|Any CPU.Build.0 = Debug|Any CPU
		{77078F8C-3CBF-4D0A-A1E6-4CB81A27F07E}.Release|Any CPU.ActiveCfg = Release|Any CPU
		{77078F8C-3CBF-4D0A-A1E6-4CB81A27F07E}.Release|Any CPU.Build.0 = Release|Any CPU
		{6ABD9F9C-A9BE-4657-A1D1-C53DF7B92071}.Debug|Any CPU.ActiveCfg = Debug|Any CPU
		{6ABD9F9C-A9BE-4657-A1D1-C53DF7B92071}.Debug|Any CPU.Build.0 = Debug|Any CPU
		{6ABD9F9C-A9BE-4657-A1D1-C53DF7B92071}.Release|Any CPU.ActiveCfg = Release|Any CPU
		{6ABD9F9C-A9BE-4657-A1D1-C53DF7B92071}.Release|Any CPU.Build.0 = Release|Any CPU
	EndGlobalSection
	GlobalSection(SolutionProperties) = preSolution
		HideSolutionNode = FALSE
	EndGlobalSection
	GlobalSection(NestedProjects) = preSolution
		{4A087D19-5504-4D87-919B-95BA518936A6} = {D6870852-3C40-4985-9004-63DD0409E0AE}
		{A6CEF313-8A2D-4792-8622-13937A7DCDAF} = {D6870852-3C40-4985-9004-63DD0409E0AE}
		{82FF1314-880F-4860-9CE5-CA99A7B1C54C} = {F2191709-EF09-4441-99DC-03D20B32A62D}
		{CF2D8BD8-3890-420E-9144-9C569D23E5E7} = {D6870852-3C40-4985-9004-63DD0409E0AE}
		{9D5269E3-7AB1-4B8F-904A-C1EFDDDBA512} = {F2191709-EF09-4441-99DC-03D20B32A62D}
		{39805515-D8F0-41B4-8AE3-993079D6D2B9} = {D6870852-3C40-4985-9004-63DD0409E0AE}
		{6ABD9F9C-A9BE-4657-A1D1-C53DF7B92071} = {D6870852-3C40-4985-9004-63DD0409E0AE}
	EndGlobalSection
EndGlobal
