
Microsoft Visual Studio Solution File, Format Version 12.00
# Visual Studio 15
VisualStudioVersion = 15.0.26403.3
MinimumVisualStudioVersion = 10.0.40219.1
Project("{2150E333-8FDC-42A3-9474-1A3956D46DE8}") = "Labs", "Labs", "{E827E339-E0B8-4C12-901A-D9D1FE191103}"
EndProject
Project("{2150E333-8FDC-42A3-9474-1A3956D46DE8}") = "Sharp", "Sharp", "{9A8494DB-F8B0-4B6B-B208-995B266AB163}"
EndProject
Project("{2150E333-8FDC-42A3-9474-1A3956D46DE8}") = "Plus", "Plus", "{D55DD8D6-B57A-4EE5-AB56-FA0AD3691B9C}"
EndProject
Project("{FAE04EC0-301F-11D3-BF4B-00C04F79EFBC}") = "Binary", "Labs\Sharp\Binary\Binary.csproj", "{C696658B-23A3-441F-8F6E-E3977D576CC1}"
EndProject
Project("{FAE04EC0-301F-11D3-BF4B-00C04F79EFBC}") = "ZoologicGarden", "Labs\Sharp\ZoologicGarden\ZoologicGarden.csproj", "{6393F1E8-FA86-4456-BA8A-BB3CA9223774}"
EndProject
Project("{8BC9CEB8-8B4A-11D0-8D11-00A0C91BC942}") = "ZoologicGarden", "Labs\Plus\ZoologicGarden\ZoologicGarden.vcxproj", "{3E8F06B7-3B1E-48EC-8999-E21734E91C6A}"
EndProject
Project("{8BC9CEB8-8B4A-11D0-8D11-00A0C91BC942}") = "CBinary", "Labs\Plus\CBinary\CBinary.vcxproj", "{1C242EC9-CAB2-4EAC-961B-EAD98FADFB7E}"
EndProject
Project("{8BC9CEB8-8B4A-11D0-8D11-00A0C91BC942}") = "DequeVector", "Labs\Plus\DequeVector\DequeVector.vcxproj", "{A39E66EF-D2D6-4F94-A329-8A90FC58000D}"
EndProject
Project("{8BC9CEB8-8B4A-11D0-8D11-00A0C91BC942}") = "MapUnordered_map", "Labs\Plus\MapUnordered-map\MapUnordered-map.vcxproj", "{8F1BB5A3-70B1-462B-8D71-2701C40F92D4}"
EndProject
Project("{8BC9CEB8-8B4A-11D0-8D11-00A0C91BC942}") = "Exceptions", "Labs\Plus\Exceptions\Exceptions.vcxproj", "{B4D22221-BDB9-481C-9C76-B22EAF21B5E9}"
EndProject
Project("{8BC9CEB8-8B4A-11D0-8D11-00A0C91BC942}") = "Yaml", "Labs\Plus\Yaml\Yaml.vcxproj", "{72F8DEB6-8684-48E3-BD49-C35DF6050E86}"
EndProject
Project("{8BC9CEB8-8B4A-11D0-8D11-00A0C91BC942}") = "File", "Labs\Plus\File\File.vcxproj", "{7B564CD7-D0DA-424F-AD67-E21F67CB1DB0}"
EndProject
Global
	GlobalSection(SolutionConfigurationPlatforms) = preSolution
		Debug|Any CPU = Debug|Any CPU
		Debug|x64 = Debug|x64
		Debug|x86 = Debug|x86
		Release|Any CPU = Release|Any CPU
		Release|x64 = Release|x64
		Release|x86 = Release|x86
	EndGlobalSection
	GlobalSection(ProjectConfigurationPlatforms) = postSolution
		{C696658B-23A3-441F-8F6E-E3977D576CC1}.Debug|Any CPU.ActiveCfg = Debug|Any CPU
		{C696658B-23A3-441F-8F6E-E3977D576CC1}.Debug|Any CPU.Build.0 = Debug|Any CPU
		{C696658B-23A3-441F-8F6E-E3977D576CC1}.Debug|x64.ActiveCfg = Debug|Any CPU
		{C696658B-23A3-441F-8F6E-E3977D576CC1}.Debug|x64.Build.0 = Debug|Any CPU
		{C696658B-23A3-441F-8F6E-E3977D576CC1}.Debug|x86.ActiveCfg = Debug|Any CPU
		{C696658B-23A3-441F-8F6E-E3977D576CC1}.Debug|x86.Build.0 = Debug|Any CPU
		{C696658B-23A3-441F-8F6E-E3977D576CC1}.Release|Any CPU.ActiveCfg = Release|Any CPU
		{C696658B-23A3-441F-8F6E-E3977D576CC1}.Release|Any CPU.Build.0 = Release|Any CPU
		{C696658B-23A3-441F-8F6E-E3977D576CC1}.Release|x64.ActiveCfg = Release|Any CPU
		{C696658B-23A3-441F-8F6E-E3977D576CC1}.Release|x64.Build.0 = Release|Any CPU
		{C696658B-23A3-441F-8F6E-E3977D576CC1}.Release|x86.ActiveCfg = Release|Any CPU
		{C696658B-23A3-441F-8F6E-E3977D576CC1}.Release|x86.Build.0 = Release|Any CPU
		{6393F1E8-FA86-4456-BA8A-BB3CA9223774}.Debug|Any CPU.ActiveCfg = Debug|Any CPU
		{6393F1E8-FA86-4456-BA8A-BB3CA9223774}.Debug|Any CPU.Build.0 = Debug|Any CPU
		{6393F1E8-FA86-4456-BA8A-BB3CA9223774}.Debug|x64.ActiveCfg = Debug|Any CPU
		{6393F1E8-FA86-4456-BA8A-BB3CA9223774}.Debug|x64.Build.0 = Debug|Any CPU
		{6393F1E8-FA86-4456-BA8A-BB3CA9223774}.Debug|x86.ActiveCfg = Debug|Any CPU
		{6393F1E8-FA86-4456-BA8A-BB3CA9223774}.Debug|x86.Build.0 = Debug|Any CPU
		{6393F1E8-FA86-4456-BA8A-BB3CA9223774}.Release|Any CPU.ActiveCfg = Release|Any CPU
		{6393F1E8-FA86-4456-BA8A-BB3CA9223774}.Release|Any CPU.Build.0 = Release|Any CPU
		{6393F1E8-FA86-4456-BA8A-BB3CA9223774}.Release|x64.ActiveCfg = Release|Any CPU
		{6393F1E8-FA86-4456-BA8A-BB3CA9223774}.Release|x64.Build.0 = Release|Any CPU
		{6393F1E8-FA86-4456-BA8A-BB3CA9223774}.Release|x86.ActiveCfg = Release|Any CPU
		{6393F1E8-FA86-4456-BA8A-BB3CA9223774}.Release|x86.Build.0 = Release|Any CPU
		{3E8F06B7-3B1E-48EC-8999-E21734E91C6A}.Debug|Any CPU.ActiveCfg = Debug|Win32
		{3E8F06B7-3B1E-48EC-8999-E21734E91C6A}.Debug|x64.ActiveCfg = Debug|x64
		{3E8F06B7-3B1E-48EC-8999-E21734E91C6A}.Debug|x64.Build.0 = Debug|x64
		{3E8F06B7-3B1E-48EC-8999-E21734E91C6A}.Debug|x86.ActiveCfg = Debug|Win32
		{3E8F06B7-3B1E-48EC-8999-E21734E91C6A}.Debug|x86.Build.0 = Debug|Win32
		{3E8F06B7-3B1E-48EC-8999-E21734E91C6A}.Release|Any CPU.ActiveCfg = Release|Win32
		{3E8F06B7-3B1E-48EC-8999-E21734E91C6A}.Release|x64.ActiveCfg = Release|x64
		{3E8F06B7-3B1E-48EC-8999-E21734E91C6A}.Release|x64.Build.0 = Release|x64
		{3E8F06B7-3B1E-48EC-8999-E21734E91C6A}.Release|x86.ActiveCfg = Release|Win32
		{3E8F06B7-3B1E-48EC-8999-E21734E91C6A}.Release|x86.Build.0 = Release|Win32
		{1C242EC9-CAB2-4EAC-961B-EAD98FADFB7E}.Debug|Any CPU.ActiveCfg = Debug|Win32
		{1C242EC9-CAB2-4EAC-961B-EAD98FADFB7E}.Debug|x64.ActiveCfg = Debug|x64
		{1C242EC9-CAB2-4EAC-961B-EAD98FADFB7E}.Debug|x64.Build.0 = Debug|x64
		{1C242EC9-CAB2-4EAC-961B-EAD98FADFB7E}.Debug|x64.Deploy.0 = Debug|x64
		{1C242EC9-CAB2-4EAC-961B-EAD98FADFB7E}.Debug|x86.ActiveCfg = Debug|Win32
		{1C242EC9-CAB2-4EAC-961B-EAD98FADFB7E}.Debug|x86.Build.0 = Debug|Win32
		{1C242EC9-CAB2-4EAC-961B-EAD98FADFB7E}.Debug|x86.Deploy.0 = Debug|Win32
		{1C242EC9-CAB2-4EAC-961B-EAD98FADFB7E}.Release|Any CPU.ActiveCfg = Release|Win32
		{1C242EC9-CAB2-4EAC-961B-EAD98FADFB7E}.Release|x64.ActiveCfg = Release|x64
		{1C242EC9-CAB2-4EAC-961B-EAD98FADFB7E}.Release|x64.Build.0 = Release|x64
		{1C242EC9-CAB2-4EAC-961B-EAD98FADFB7E}.Release|x64.Deploy.0 = Release|x64
		{1C242EC9-CAB2-4EAC-961B-EAD98FADFB7E}.Release|x86.ActiveCfg = Release|Win32
		{1C242EC9-CAB2-4EAC-961B-EAD98FADFB7E}.Release|x86.Build.0 = Release|Win32
		{1C242EC9-CAB2-4EAC-961B-EAD98FADFB7E}.Release|x86.Deploy.0 = Release|Win32
		{A39E66EF-D2D6-4F94-A329-8A90FC58000D}.Debug|Any CPU.ActiveCfg = Debug|Win32
		{A39E66EF-D2D6-4F94-A329-8A90FC58000D}.Debug|x64.ActiveCfg = Debug|x64
		{A39E66EF-D2D6-4F94-A329-8A90FC58000D}.Debug|x64.Build.0 = Debug|x64
		{A39E66EF-D2D6-4F94-A329-8A90FC58000D}.Debug|x86.ActiveCfg = Debug|Win32
		{A39E66EF-D2D6-4F94-A329-8A90FC58000D}.Debug|x86.Build.0 = Debug|Win32
		{A39E66EF-D2D6-4F94-A329-8A90FC58000D}.Release|Any CPU.ActiveCfg = Release|Win32
		{A39E66EF-D2D6-4F94-A329-8A90FC58000D}.Release|x64.ActiveCfg = Release|x64
		{A39E66EF-D2D6-4F94-A329-8A90FC58000D}.Release|x64.Build.0 = Release|x64
		{A39E66EF-D2D6-4F94-A329-8A90FC58000D}.Release|x86.ActiveCfg = Release|Win32
		{A39E66EF-D2D6-4F94-A329-8A90FC58000D}.Release|x86.Build.0 = Release|Win32
		{8F1BB5A3-70B1-462B-8D71-2701C40F92D4}.Debug|Any CPU.ActiveCfg = Debug|Win32
		{8F1BB5A3-70B1-462B-8D71-2701C40F92D4}.Debug|x64.ActiveCfg = Debug|x64
		{8F1BB5A3-70B1-462B-8D71-2701C40F92D4}.Debug|x64.Build.0 = Debug|x64
		{8F1BB5A3-70B1-462B-8D71-2701C40F92D4}.Debug|x86.ActiveCfg = Debug|Win32
		{8F1BB5A3-70B1-462B-8D71-2701C40F92D4}.Debug|x86.Build.0 = Debug|Win32
		{8F1BB5A3-70B1-462B-8D71-2701C40F92D4}.Release|Any CPU.ActiveCfg = Release|Win32
		{8F1BB5A3-70B1-462B-8D71-2701C40F92D4}.Release|x64.ActiveCfg = Release|x64
		{8F1BB5A3-70B1-462B-8D71-2701C40F92D4}.Release|x64.Build.0 = Release|x64
		{8F1BB5A3-70B1-462B-8D71-2701C40F92D4}.Release|x86.ActiveCfg = Release|Win32
		{8F1BB5A3-70B1-462B-8D71-2701C40F92D4}.Release|x86.Build.0 = Release|Win32
		{B4D22221-BDB9-481C-9C76-B22EAF21B5E9}.Debug|Any CPU.ActiveCfg = Debug|Win32
		{B4D22221-BDB9-481C-9C76-B22EAF21B5E9}.Debug|x64.ActiveCfg = Debug|x64
		{B4D22221-BDB9-481C-9C76-B22EAF21B5E9}.Debug|x64.Build.0 = Debug|x64
		{B4D22221-BDB9-481C-9C76-B22EAF21B5E9}.Debug|x86.ActiveCfg = Debug|Win32
		{B4D22221-BDB9-481C-9C76-B22EAF21B5E9}.Debug|x86.Build.0 = Debug|Win32
		{B4D22221-BDB9-481C-9C76-B22EAF21B5E9}.Release|Any CPU.ActiveCfg = Release|Win32
		{B4D22221-BDB9-481C-9C76-B22EAF21B5E9}.Release|x64.ActiveCfg = Release|x64
		{B4D22221-BDB9-481C-9C76-B22EAF21B5E9}.Release|x64.Build.0 = Release|x64
		{B4D22221-BDB9-481C-9C76-B22EAF21B5E9}.Release|x86.ActiveCfg = Release|Win32
		{B4D22221-BDB9-481C-9C76-B22EAF21B5E9}.Release|x86.Build.0 = Release|Win32
		{72F8DEB6-8684-48E3-BD49-C35DF6050E86}.Debug|Any CPU.ActiveCfg = Debug|Win32
		{72F8DEB6-8684-48E3-BD49-C35DF6050E86}.Debug|x64.ActiveCfg = Debug|x64
		{72F8DEB6-8684-48E3-BD49-C35DF6050E86}.Debug|x64.Build.0 = Debug|x64
		{72F8DEB6-8684-48E3-BD49-C35DF6050E86}.Debug|x86.ActiveCfg = Debug|Win32
		{72F8DEB6-8684-48E3-BD49-C35DF6050E86}.Debug|x86.Build.0 = Debug|Win32
		{72F8DEB6-8684-48E3-BD49-C35DF6050E86}.Release|Any CPU.ActiveCfg = Release|Win32
		{72F8DEB6-8684-48E3-BD49-C35DF6050E86}.Release|x64.ActiveCfg = Release|x64
		{72F8DEB6-8684-48E3-BD49-C35DF6050E86}.Release|x64.Build.0 = Release|x64
		{72F8DEB6-8684-48E3-BD49-C35DF6050E86}.Release|x86.ActiveCfg = Release|Win32
		{72F8DEB6-8684-48E3-BD49-C35DF6050E86}.Release|x86.Build.0 = Release|Win32
		{7B564CD7-D0DA-424F-AD67-E21F67CB1DB0}.Debug|Any CPU.ActiveCfg = Debug|Win32
		{7B564CD7-D0DA-424F-AD67-E21F67CB1DB0}.Debug|x64.ActiveCfg = Debug|x64
		{7B564CD7-D0DA-424F-AD67-E21F67CB1DB0}.Debug|x64.Build.0 = Debug|x64
		{7B564CD7-D0DA-424F-AD67-E21F67CB1DB0}.Debug|x86.ActiveCfg = Debug|Win32
		{7B564CD7-D0DA-424F-AD67-E21F67CB1DB0}.Debug|x86.Build.0 = Debug|Win32
		{7B564CD7-D0DA-424F-AD67-E21F67CB1DB0}.Release|Any CPU.ActiveCfg = Release|Win32
		{7B564CD7-D0DA-424F-AD67-E21F67CB1DB0}.Release|x64.ActiveCfg = Release|x64
		{7B564CD7-D0DA-424F-AD67-E21F67CB1DB0}.Release|x64.Build.0 = Release|x64
		{7B564CD7-D0DA-424F-AD67-E21F67CB1DB0}.Release|x86.ActiveCfg = Release|Win32
		{7B564CD7-D0DA-424F-AD67-E21F67CB1DB0}.Release|x86.Build.0 = Release|Win32
	EndGlobalSection
	GlobalSection(SolutionProperties) = preSolution
		HideSolutionNode = FALSE
	EndGlobalSection
	GlobalSection(NestedProjects) = preSolution
		{9A8494DB-F8B0-4B6B-B208-995B266AB163} = {E827E339-E0B8-4C12-901A-D9D1FE191103}
		{D55DD8D6-B57A-4EE5-AB56-FA0AD3691B9C} = {E827E339-E0B8-4C12-901A-D9D1FE191103}
		{C696658B-23A3-441F-8F6E-E3977D576CC1} = {9A8494DB-F8B0-4B6B-B208-995B266AB163}
		{6393F1E8-FA86-4456-BA8A-BB3CA9223774} = {9A8494DB-F8B0-4B6B-B208-995B266AB163}
		{3E8F06B7-3B1E-48EC-8999-E21734E91C6A} = {D55DD8D6-B57A-4EE5-AB56-FA0AD3691B9C}
		{1C242EC9-CAB2-4EAC-961B-EAD98FADFB7E} = {D55DD8D6-B57A-4EE5-AB56-FA0AD3691B9C}
		{A39E66EF-D2D6-4F94-A329-8A90FC58000D} = {D55DD8D6-B57A-4EE5-AB56-FA0AD3691B9C}
		{8F1BB5A3-70B1-462B-8D71-2701C40F92D4} = {D55DD8D6-B57A-4EE5-AB56-FA0AD3691B9C}
		{B4D22221-BDB9-481C-9C76-B22EAF21B5E9} = {D55DD8D6-B57A-4EE5-AB56-FA0AD3691B9C}
		{72F8DEB6-8684-48E3-BD49-C35DF6050E86} = {D55DD8D6-B57A-4EE5-AB56-FA0AD3691B9C}
		{7B564CD7-D0DA-424F-AD67-E21F67CB1DB0} = {D55DD8D6-B57A-4EE5-AB56-FA0AD3691B9C}
	EndGlobalSection
EndGlobal
